
Microsoft Visual Studio Solution File, Format Version 11.00
# Visual Studio 2010
Project("{FAE04EC0-301F-11D3-BF4B-00C04F79EFBC}") = "Core", "Core\Core.csproj", "{F8556D09-5A6D-457F-9F74-416F59C393E0}"
EndProject
Project("{FAE04EC0-301F-11D3-BF4B-00C04F79EFBC}") = "CommandLine", "CommandLine\CommandLine.csproj", "{33BA3C35-F4E2-483B-B114-79E0D7D78B91}"
EndProject
Project("{FAE04EC0-301F-11D3-BF4B-00C04F79EFBC}") = "Core.Tests", "Core.Tests\Core.Tests.csproj", "{BE899664-4A8E-488D-A689-D56CBFEA8554}"
EndProject
Project("{FAE04EC0-301F-11D3-BF4B-00C04F79EFBC}") = "CommandLine.Tests", "CommandLine.Tests\CommandLine.Tests.csproj", "{E61A65E1-9999-4336-909D-AC7BE37E3974}"
EndProject
Project("{2150E333-8FDC-42A3-9474-1A3956D46DE8}") = "Tests", "Tests", "{9A5275FA-D828-4198-AF5D-6F21B8E091D7}"
EndProject
Project("{FAE04EC0-301F-11D3-BF4B-00C04F79EFBC}") = "DeploymentScripts", "DeploymentScripts\DeploymentScripts.csproj", "{05C051BF-0A46-491D-AED5-87A3AD4E675C}"
EndProject
Global
	GlobalSection(SolutionConfigurationPlatforms) = preSolution
		Debug|x64 = Debug|x64
		Release|x64 = Release|x64
	EndGlobalSection
	GlobalSection(ProjectConfigurationPlatforms) = postSolution
		{F8556D09-5A6D-457F-9F74-416F59C393E0}.Debug|x64.ActiveCfg = Debug|x64
		{F8556D09-5A6D-457F-9F74-416F59C393E0}.Debug|x64.Build.0 = Debug|x64
		{F8556D09-5A6D-457F-9F74-416F59C393E0}.Release|x64.ActiveCfg = Release|x64
		{F8556D09-5A6D-457F-9F74-416F59C393E0}.Release|x64.Build.0 = Release|x64
		{33BA3C35-F4E2-483B-B114-79E0D7D78B91}.Debug|x64.ActiveCfg = Debug|x64
		{33BA3C35-F4E2-483B-B114-79E0D7D78B91}.Debug|x64.Build.0 = Debug|x64
		{33BA3C35-F4E2-483B-B114-79E0D7D78B91}.Release|x64.ActiveCfg = Release|x64
		{33BA3C35-F4E2-483B-B114-79E0D7D78B91}.Release|x64.Build.0 = Release|x64
		{BE899664-4A8E-488D-A689-D56CBFEA8554}.Debug|x64.ActiveCfg = Debug|x64
		{BE899664-4A8E-488D-A689-D56CBFEA8554}.Debug|x64.Build.0 = Debug|x64
		{BE899664-4A8E-488D-A689-D56CBFEA8554}.Release|x64.ActiveCfg = Release|x64
		{BE899664-4A8E-488D-A689-D56CBFEA8554}.Release|x64.Build.0 = Release|x64
		{E61A65E1-9999-4336-909D-AC7BE37E3974}.Debug|x64.ActiveCfg = Debug|x64
		{E61A65E1-9999-4336-909D-AC7BE37E3974}.Debug|x64.Build.0 = Debug|x64
		{E61A65E1-9999-4336-909D-AC7BE37E3974}.Release|x64.ActiveCfg = Release|x64
		{E61A65E1-9999-4336-909D-AC7BE37E3974}.Release|x64.Build.0 = Release|x64
		{05C051BF-0A46-491D-AED5-87A3AD4E675C}.Debug|x64.ActiveCfg = Debug|x64
		{05C051BF-0A46-491D-AED5-87A3AD4E675C}.Debug|x64.Build.0 = Debug|x64
		{05C051BF-0A46-491D-AED5-87A3AD4E675C}.Release|x64.ActiveCfg = Release|x64
		{05C051BF-0A46-491D-AED5-87A3AD4E675C}.Release|x64.Build.0 = Release|x64
	EndGlobalSection
	GlobalSection(SolutionProperties) = preSolution
		HideSolutionNode = FALSE
	EndGlobalSection
	GlobalSection(NestedProjects) = preSolution
		{E61A65E1-9999-4336-909D-AC7BE37E3974} = {9A5275FA-D828-4198-AF5D-6F21B8E091D7}
		{BE899664-4A8E-488D-A689-D56CBFEA8554} = {9A5275FA-D828-4198-AF5D-6F21B8E091D7}
	EndGlobalSection
EndGlobal
