
Microsoft Visual Studio Solution File, Format Version 12.00
# Visual Studio 2013
VisualStudioVersion = 12.0.21005.1
MinimumVisualStudioVersion = 10.0.40219.1
Project("{FAE04EC0-301F-11D3-BF4B-00C04F79EFBC}") = "Core", "Core\Core.csproj", "{F8556D09-5A6D-457F-9F74-416F59C393E0}"
EndProject
Project("{FAE04EC0-301F-11D3-BF4B-00C04F79EFBC}") = "CommandLine", "CommandLine\CommandLine.csproj", "{33BA3C35-F4E2-483B-B114-79E0D7D78B91}"
EndProject
Project("{FAE04EC0-301F-11D3-BF4B-00C04F79EFBC}") = "Core.Tests", "Core.Tests\Core.Tests.csproj", "{BE899664-4A8E-488D-A689-D56CBFEA8554}"
EndProject
Project("{FAE04EC0-301F-11D3-BF4B-00C04F79EFBC}") = "CommandLine.Tests", "CommandLine.Tests\CommandLine.Tests.csproj", "{E61A65E1-9999-4336-909D-AC7BE37E3974}"
EndProject
Project("{2150E333-8FDC-42A3-9474-1A3956D46DE8}") = "Tests", "Tests", "{9A5275FA-D828-4198-AF5D-6F21B8E091D7}"
EndProject
Project("{FAE04EC0-301F-11D3-BF4B-00C04F79EFBC}") = "DeploymentScripts", "DeploymentScripts\DeploymentScripts.csproj", "{05C051BF-0A46-491D-AED5-87A3AD4E675C}"
EndProject
Project("{2150E333-8FDC-42A3-9474-1A3956D46DE8}") = "Solution Items", "Solution Items", "{CF0C237B-77AD-4985-90DB-89D4DF116C44}"
EndProject
Project("{2150E333-8FDC-42A3-9474-1A3956D46DE8}") = "Build", "Build", "{6C5A7227-47B8-490B-A74B-99753A62BB94}"
	ProjectSection(SolutionItems) = preProject
		Build\BinaryExport.targets = Build\BinaryExport.targets
		Build\BuildVariables.targets = Build\BuildVariables.targets
	EndProjectSection
EndProject
Project("{2150E333-8FDC-42A3-9474-1A3956D46DE8}") = "NuGet", "NuGet", "{1F6DC563-2F57-4089-9C4A-F73D7E04A99B}"
	ProjectSection(SolutionItems) = preProject
		.nuget\NuGet.Config = .nuget\NuGet.Config
		.nuget\NuGet.exe = .nuget\NuGet.exe
		.nuget\NuGet.targets = .nuget\NuGet.targets
	EndProjectSection
EndProject
Global
	GlobalSection(SolutionConfigurationPlatforms) = preSolution
		Debug|Any CPU = Debug|Any CPU
		Release|Any CPU = Release|Any CPU
	EndGlobalSection
	GlobalSection(ProjectConfigurationPlatforms) = postSolution
		{F8556D09-5A6D-457F-9F74-416F59C393E0}.Debug|Any CPU.ActiveCfg = Release|Any CPU
		{F8556D09-5A6D-457F-9F74-416F59C393E0}.Debug|Any CPU.Build.0 = Release|Any CPU
		{F8556D09-5A6D-457F-9F74-416F59C393E0}.Release|Any CPU.ActiveCfg = Release|Any CPU
		{F8556D09-5A6D-457F-9F74-416F59C393E0}.Release|Any CPU.Build.0 = Release|Any CPU
		{33BA3C35-F4E2-483B-B114-79E0D7D78B91}.Debug|Any CPU.ActiveCfg = Release|Any CPU
		{33BA3C35-F4E2-483B-B114-79E0D7D78B91}.Debug|Any CPU.Build.0 = Release|Any CPU
		{33BA3C35-F4E2-483B-B114-79E0D7D78B91}.Release|Any CPU.ActiveCfg = Release|Any CPU
		{33BA3C35-F4E2-483B-B114-79E0D7D78B91}.Release|Any CPU.Build.0 = Release|Any CPU
		{BE899664-4A8E-488D-A689-D56CBFEA8554}.Debug|Any CPU.ActiveCfg = Release|Any CPU
		{BE899664-4A8E-488D-A689-D56CBFEA8554}.Debug|Any CPU.Build.0 = Release|Any CPU
		{BE899664-4A8E-488D-A689-D56CBFEA8554}.Release|Any CPU.ActiveCfg = Release|Any CPU
		{BE899664-4A8E-488D-A689-D56CBFEA8554}.Release|Any CPU.Build.0 = Release|Any CPU
		{E61A65E1-9999-4336-909D-AC7BE37E3974}.Debug|Any CPU.ActiveCfg = Release|Any CPU
		{E61A65E1-9999-4336-909D-AC7BE37E3974}.Debug|Any CPU.Build.0 = Release|Any CPU
		{E61A65E1-9999-4336-909D-AC7BE37E3974}.Release|Any CPU.ActiveCfg = Release|Any CPU
		{E61A65E1-9999-4336-909D-AC7BE37E3974}.Release|Any CPU.Build.0 = Release|Any CPU
		{05C051BF-0A46-491D-AED5-87A3AD4E675C}.Debug|Any CPU.ActiveCfg = Release|Any CPU
		{05C051BF-0A46-491D-AED5-87A3AD4E675C}.Debug|Any CPU.Build.0 = Release|Any CPU
		{05C051BF-0A46-491D-AED5-87A3AD4E675C}.Release|Any CPU.ActiveCfg = Release|Any CPU
		{05C051BF-0A46-491D-AED5-87A3AD4E675C}.Release|Any CPU.Build.0 = Release|Any CPU
	EndGlobalSection
	GlobalSection(SolutionProperties) = preSolution
		HideSolutionNode = FALSE
	EndGlobalSection
	GlobalSection(NestedProjects) = preSolution
		{E61A65E1-9999-4336-909D-AC7BE37E3974} = {9A5275FA-D828-4198-AF5D-6F21B8E091D7}
		{BE899664-4A8E-488D-A689-D56CBFEA8554} = {9A5275FA-D828-4198-AF5D-6F21B8E091D7}
		{6C5A7227-47B8-490B-A74B-99753A62BB94} = {CF0C237B-77AD-4985-90DB-89D4DF116C44}
		{1F6DC563-2F57-4089-9C4A-F73D7E04A99B} = {CF0C237B-77AD-4985-90DB-89D4DF116C44}
	EndGlobalSection
EndGlobal
