
Microsoft Visual Studio Solution File, Format Version 11.00
# Visual Studio 2010
Project("{FAE04EC0-301F-11D3-BF4B-00C04F79EFBC}") = "Core", "Core\Core.csproj", "{F8556D09-5A6D-457F-9F74-416F59C393E0}"
EndProject
Project("{FAE04EC0-301F-11D3-BF4B-00C04F79EFBC}") = "NuDeploy", "CommandLine\CommandLine.csproj", "{33BA3C35-F4E2-483B-B114-79E0D7D78B91}"
EndProject
Project("{FAE04EC0-301F-11D3-BF4B-00C04F79EFBC}") = "Tests", "Core.Tests\Core.Tests.csproj", "{BE899664-4A8E-488D-A689-D56CBFEA8554}"
EndProject
Project("{2150E333-8FDC-42A3-9474-1A3956D46DE8}") = "Solution Items", "Solution Items", "{402823D9-F3BF-4E0D-B880-BE8A6B1C90B0}"
	ProjectSection(SolutionItems) = preProject
		Build\ilmerge.internalize.ignore.txt = Build\ilmerge.internalize.ignore.txt
		NuDeploy.CommandLine.nuspec = NuDeploy.CommandLine.nuspec
		Build\Package.targets = Build\Package.targets
	EndProjectSection
EndProject
Global
	GlobalSection(SolutionConfigurationPlatforms) = preSolution
		Debug|x64 = Debug|x64
		Release|x64 = Release|x64
	EndGlobalSection
	GlobalSection(ProjectConfigurationPlatforms) = postSolution
		{F8556D09-5A6D-457F-9F74-416F59C393E0}.Debug|x64.ActiveCfg = Debug|Any CPU
		{F8556D09-5A6D-457F-9F74-416F59C393E0}.Debug|x64.Build.0 = Debug|Any CPU
		{F8556D09-5A6D-457F-9F74-416F59C393E0}.Release|x64.ActiveCfg = Release|Any CPU
		{F8556D09-5A6D-457F-9F74-416F59C393E0}.Release|x64.Build.0 = Release|Any CPU
		{33BA3C35-F4E2-483B-B114-79E0D7D78B91}.Debug|x64.ActiveCfg = Debug|x64
		{33BA3C35-F4E2-483B-B114-79E0D7D78B91}.Debug|x64.Build.0 = Debug|x64
		{33BA3C35-F4E2-483B-B114-79E0D7D78B91}.Release|x64.ActiveCfg = Release|x64
		{33BA3C35-F4E2-483B-B114-79E0D7D78B91}.Release|x64.Build.0 = Release|x64
		{BE899664-4A8E-488D-A689-D56CBFEA8554}.Debug|x64.ActiveCfg = Debug|Any CPU
		{BE899664-4A8E-488D-A689-D56CBFEA8554}.Debug|x64.Build.0 = Debug|Any CPU
		{BE899664-4A8E-488D-A689-D56CBFEA8554}.Release|x64.ActiveCfg = Release|Any CPU
		{BE899664-4A8E-488D-A689-D56CBFEA8554}.Release|x64.Build.0 = Release|Any CPU
	EndGlobalSection
	GlobalSection(SolutionProperties) = preSolution
		HideSolutionNode = FALSE
	EndGlobalSection
EndGlobal
